# THIS IS AN AUTOGENERATED FILE. DO NOT EDIT THIS FILE DIRECTLY.
# yarn lockfile v1


commander@~2.16.0:
  version "2.16.0"
  resolved "https://registry.yarnpkg.com/commander/-/commander-2.16.0.tgz#f16390593996ceb4f3eeb020b31d78528f7f8a50"

source-map@~0.6.1:
  version "0.6.1"
  resolved "https://registry.yarnpkg.com/source-map/-/source-map-0.6.1.tgz#74722af32e9614e9c287a8d0bbde48b5e2f1a263"

uglify-js@^3.4.5:
  version "3.4.5"
  resolved "https://registry.yarnpkg.com/uglify-js/-/uglify-js-3.4.5.tgz#650889c0766cf0f6fd5346cea09cd212f544be69"
  dependencies:
    commander "~2.16.0"
    source-map "~0.6.1"
